
Microsoft Visual Studio Solution File, Format Version 12.00
# Visual Studio Version 16
VisualStudioVersion = 16.0.31321.278
MinimumVisualStudioVersion = 10.0.40219.1
Project("{FAE04EC0-301F-11D3-BF4B-00C04F79EFBC}") = "Register", "Register\Register.csproj", "{6A1CF5C8-088F-4A51-AC2F-C830FCFDDDCD}"
EndProject
Global
	GlobalSection(SolutionConfigurationPlatforms) = preSolution
		Debug|Any CPU = Debug|Any CPU
		Release|Any CPU = Release|Any CPU
	EndGlobalSection
	GlobalSection(ProjectConfigurationPlatforms) = postSolution
		{6A1CF5C8-088F-4A51-AC2F-C830FCFDDDCD}.Debug|Any CPU.ActiveCfg = Debug|Any CPU
		{6A1CF5C8-088F-4A51-AC2F-C830FCFDDDCD}.Debug|Any CPU.Build.0 = Debug|Any CPU
		{6A1CF5C8-088F-4A51-AC2F-C830FCFDDDCD}.Release|Any CPU.ActiveCfg = Release|Any CPU
		{6A1CF5C8-088F-4A51-AC2F-C830FCFDDDCD}.Release|Any CPU.Build.0 = Release|Any CPU
	EndGlobalSection
	GlobalSection(SolutionProperties) = preSolution
		HideSolutionNode = FALSE
	EndGlobalSection
	GlobalSection(ExtensibilityGlobals) = postSolution
		SolutionGuid = {3A0A97CB-68FB-42B4-8109-735723973F80}
	EndGlobalSection
EndGlobal
